
Microsoft Visual Studio Solution File, Format Version 12.00
# Visual Studio Version 16
VisualStudioVersion = 16.0.29926.136
MinimumVisualStudioVersion = 10.0.40219.1
Project("{FAE04EC0-301F-11D3-BF4B-00C04F79EFBC}") = "Appatendimento", "Appatendimento\Appatendimento.csproj", "{8A4D13EA-7C52-4497-BE10-B2991F6AA201}"
EndProject
Global
	GlobalSection(SolutionConfigurationPlatforms) = preSolution
		Debug|Any CPU = Debug|Any CPU
		Release|Any CPU = Release|Any CPU
	EndGlobalSection
	GlobalSection(ProjectConfigurationPlatforms) = postSolution
		{8A4D13EA-7C52-4497-BE10-B2991F6AA201}.Debug|Any CPU.ActiveCfg = Debug|Any CPU
		{8A4D13EA-7C52-4497-BE10-B2991F6AA201}.Debug|Any CPU.Build.0 = Debug|Any CPU
		{8A4D13EA-7C52-4497-BE10-B2991F6AA201}.Release|Any CPU.ActiveCfg = Release|Any CPU
		{8A4D13EA-7C52-4497-BE10-B2991F6AA201}.Release|Any CPU.Build.0 = Release|Any CPU
	EndGlobalSection
	GlobalSection(SolutionProperties) = preSolution
		HideSolutionNode = FALSE
	EndGlobalSection
	GlobalSection(ExtensibilityGlobals) = postSolution
		SolutionGuid = {FC5E2E1C-D122-4F97-B0D9-991488F288A0}
	EndGlobalSection
EndGlobal
